
Microsoft Visual Studio Solution File, Format Version 12.00
Project("{FAE04EC0-301F-11D3-BF4B-00C04F79EFBC}") = "JToolkit", "src\JToolkit\JToolkit.csproj", "{91AAE211-B702-4EBB-8294-2ED3132CC7AE}"
EndProject
Project("{2150E333-8FDC-42A3-9474-1A3956D46DE8}") = "src", "src", "{09A1E050-17C8-4271-AA54-94A7B5893CA0}"
EndProject
Project("{FAE04EC0-301F-11D3-BF4B-00C04F79EFBC}") = "JToolkit.Validation", "src\JToolkit.Validation\JToolkit.Validation.csproj", "{26FEF82F-38D4-4D14-A231-4A8FB5555419}"
EndProject
Project("{FAE04EC0-301F-11D3-BF4B-00C04F79EFBC}") = "JToolkit.Contracts", "src\JToolkit.Contracts\JToolkit.Contracts.csproj", "{DEBF4201-56FE-4CE5-9D95-4B1F5AE87AC7}"
EndProject
Project("{2150E333-8FDC-42A3-9474-1A3956D46DE8}") = "tests", "tests", "{29778CE3-E199-4D98-AC53-130F71354ED9}"
EndProject
Project("{FAE04EC0-301F-11D3-BF4B-00C04F79EFBC}") = "JToolkit.Playground", "tests\JToolkit.Playground\JToolkit.Playground.csproj", "{6FA3A7ED-2181-4571-8BEC-0BC4E87FA19E}"
EndProject
Project("{2150E333-8FDC-42A3-9474-1A3956D46DE8}") = "JTools", "JTools", "{97F7AAB3-61C2-41F3-8FFA-12CCC8383CA4}"
EndProject
Project("{FAE04EC0-301F-11D3-BF4B-00C04F79EFBC}") = "JToolkit.Comparer", "src\JToolkit.Comparer\JToolkit.Comparer.csproj", "{95BB0B69-3F9C-43A6-A89E-D714639166AA}"
EndProject
Project("{FAE04EC0-301F-11D3-BF4B-00C04F79EFBC}") = "JToolkit.Handlers", "src\JToolkit.Handlers\JToolkit.Handlers.csproj", "{FAE88CCF-E6B8-4743-85BC-949D265F8503}"
EndProject
Global
	GlobalSection(SolutionConfigurationPlatforms) = preSolution
		Debug|Any CPU = Debug|Any CPU
		Release|Any CPU = Release|Any CPU
	EndGlobalSection
	GlobalSection(ProjectConfigurationPlatforms) = postSolution
		{91AAE211-B702-4EBB-8294-2ED3132CC7AE}.Debug|Any CPU.ActiveCfg = Debug|Any CPU
		{91AAE211-B702-4EBB-8294-2ED3132CC7AE}.Debug|Any CPU.Build.0 = Debug|Any CPU
		{91AAE211-B702-4EBB-8294-2ED3132CC7AE}.Release|Any CPU.ActiveCfg = Release|Any CPU
		{91AAE211-B702-4EBB-8294-2ED3132CC7AE}.Release|Any CPU.Build.0 = Release|Any CPU
		{26FEF82F-38D4-4D14-A231-4A8FB5555419}.Debug|Any CPU.ActiveCfg = Debug|Any CPU
		{26FEF82F-38D4-4D14-A231-4A8FB5555419}.Debug|Any CPU.Build.0 = Debug|Any CPU
		{26FEF82F-38D4-4D14-A231-4A8FB5555419}.Release|Any CPU.ActiveCfg = Release|Any CPU
		{26FEF82F-38D4-4D14-A231-4A8FB5555419}.Release|Any CPU.Build.0 = Release|Any CPU
		{DEBF4201-56FE-4CE5-9D95-4B1F5AE87AC7}.Debug|Any CPU.ActiveCfg = Debug|Any CPU
		{DEBF4201-56FE-4CE5-9D95-4B1F5AE87AC7}.Debug|Any CPU.Build.0 = Debug|Any CPU
		{DEBF4201-56FE-4CE5-9D95-4B1F5AE87AC7}.Release|Any CPU.ActiveCfg = Release|Any CPU
		{DEBF4201-56FE-4CE5-9D95-4B1F5AE87AC7}.Release|Any CPU.Build.0 = Release|Any CPU
		{6FA3A7ED-2181-4571-8BEC-0BC4E87FA19E}.Debug|Any CPU.ActiveCfg = Debug|Any CPU
		{6FA3A7ED-2181-4571-8BEC-0BC4E87FA19E}.Debug|Any CPU.Build.0 = Debug|Any CPU
		{6FA3A7ED-2181-4571-8BEC-0BC4E87FA19E}.Release|Any CPU.ActiveCfg = Release|Any CPU
		{6FA3A7ED-2181-4571-8BEC-0BC4E87FA19E}.Release|Any CPU.Build.0 = Release|Any CPU
		{95BB0B69-3F9C-43A6-A89E-D714639166AA}.Debug|Any CPU.ActiveCfg = Debug|Any CPU
		{95BB0B69-3F9C-43A6-A89E-D714639166AA}.Debug|Any CPU.Build.0 = Debug|Any CPU
		{95BB0B69-3F9C-43A6-A89E-D714639166AA}.Release|Any CPU.ActiveCfg = Release|Any CPU
		{95BB0B69-3F9C-43A6-A89E-D714639166AA}.Release|Any CPU.Build.0 = Release|Any CPU
		{FAE88CCF-E6B8-4743-85BC-949D265F8503}.Debug|Any CPU.ActiveCfg = Debug|Any CPU
		{FAE88CCF-E6B8-4743-85BC-949D265F8503}.Debug|Any CPU.Build.0 = Debug|Any CPU
		{FAE88CCF-E6B8-4743-85BC-949D265F8503}.Release|Any CPU.ActiveCfg = Release|Any CPU
		{FAE88CCF-E6B8-4743-85BC-949D265F8503}.Release|Any CPU.Build.0 = Release|Any CPU
	EndGlobalSection
	GlobalSection(NestedProjects) = preSolution
		{91AAE211-B702-4EBB-8294-2ED3132CC7AE} = {09A1E050-17C8-4271-AA54-94A7B5893CA0}
		{26FEF82F-38D4-4D14-A231-4A8FB5555419} = {09A1E050-17C8-4271-AA54-94A7B5893CA0}
		{DEBF4201-56FE-4CE5-9D95-4B1F5AE87AC7} = {09A1E050-17C8-4271-AA54-94A7B5893CA0}
		{6FA3A7ED-2181-4571-8BEC-0BC4E87FA19E} = {29778CE3-E199-4D98-AC53-130F71354ED9}
		{97F7AAB3-61C2-41F3-8FFA-12CCC8383CA4} = {09A1E050-17C8-4271-AA54-94A7B5893CA0}
		{95BB0B69-3F9C-43A6-A89E-D714639166AA} = {97F7AAB3-61C2-41F3-8FFA-12CCC8383CA4}
		{FAE88CCF-E6B8-4743-85BC-949D265F8503} = {09A1E050-17C8-4271-AA54-94A7B5893CA0}
	EndGlobalSection
EndGlobal
